// !$*UTF8*$!
{
	archiveVersion = 1;
	classes = {
	};
	objectVersion = 56;
	objects = {

/* Begin PBXBuildFile section */
		291BC8D72A24327400B3D0E9 /* EmojiMixViewModel.swift in Sources */ = {isa = PBXBuildFile; fileRef = 291BC8D62A24327400B3D0E9 /* EmojiMixViewModel.swift */; };
		291BC8D92A243E1000B3D0E9 /* EmojiMixesViewModel.swift in Sources */ = {isa = PBXBuildFile; fileRef = 291BC8D82A243E1000B3D0E9 /* EmojiMixesViewModel.swift */; };
		291BC8DC2A25A3D000B3D0E9 /* Observable.swift in Sources */ = {isa = PBXBuildFile; fileRef = 291BC8DB2A25A3D000B3D0E9 /* Observable.swift */; };
		297E480F29FB6A78005C5985 /* AppDelegate.swift in Sources */ = {isa = PBXBuildFile; fileRef = 297E480E29FB6A78005C5985 /* AppDelegate.swift */; };
		297E481129FB6A78005C5985 /* SceneDelegate.swift in Sources */ = {isa = PBXBuildFile; fileRef = 297E481029FB6A78005C5985 /* SceneDelegate.swift */; };
		297E481329FB6A78005C5985 /* EmojiMixesViewController.swift in Sources */ = {isa = PBXBuildFile; fileRef = 297E481229FB6A78005C5985 /* EmojiMixesViewController.swift */; };
		297E481829FB6A7A005C5985 /* Assets.xcassets in Resources */ = {isa = PBXBuildFile; fileRef = 297E481729FB6A7A005C5985 /* Assets.xcassets */; };
		297E481B29FB6A7A005C5985 /* LaunchScreen.storyboard in Resources */ = {isa = PBXBuildFile; fileRef = 297E481929FB6A7A005C5985 /* LaunchScreen.storyboard */; };
		297E482329FB6D27005C5985 /* EmojiCollectionViewCell.swift in Sources */ = {isa = PBXBuildFile; fileRef = 297E482229FB6D27005C5985 /* EmojiCollectionViewCell.swift */; };
		29802BC42A172226001F3496 /* Model.xcdatamodeld in Sources */ = {isa = PBXBuildFile; fileRef = 29802BC22A172226001F3496 /* Model.xcdatamodeld */; };
		2990B78E2A180E7000A443F2 /* EmojiMixFactory.swift in Sources */ = {isa = PBXBuildFile; fileRef = 2990B78D2A180E7000A443F2 /* EmojiMixFactory.swift */; };
		2990B7902A180F8D00A443F2 /* EmojiMix.swift in Sources */ = {isa = PBXBuildFile; fileRef = 2990B78F2A180F8D00A443F2 /* EmojiMix.swift */; };
		2990B7922A18184C00A443F2 /* EmojiMixStore.swift in Sources */ = {isa = PBXBuildFile; fileRef = 2990B7912A18184C00A443F2 /* EmojiMixStore.swift */; };
		2990B7942A181CAF00A443F2 /* UIColorMarshalling.swift in Sources */ = {isa = PBXBuildFile; fileRef = 2990B7932A181CAF00A443F2 /* UIColorMarshalling.swift */; };
		299345A32A3419700046A065 /* Localizable.strings in Resources */ = {isa = PBXBuildFile; fileRef = 299345A52A3419700046A065 /* Localizable.strings */; };
		29A472AC2A3EC6DE00455625 /* EmojiMixerTests.swift in Sources */ = {isa = PBXBuildFile; fileRef = 29A472AB2A3EC6DE00455625 /* EmojiMixerTests.swift */; };
		29A472B42A3EC73700455625 /* SnapshotTesting in Frameworks */ = {isa = PBXBuildFile; productRef = 29A472B32A3EC73700455625 /* SnapshotTesting */; };
		29A472B82A3EEB1000455625 /* Colors.swift in Sources */ = {isa = PBXBuildFile; fileRef = 29A472B72A3EEB1000455625 /* Colors.swift */; };
		29D392332A37A81F00DF8E04 /* InfoPlist.strings in Resources */ = {isa = PBXBuildFile; fileRef = 29D392352A37A81F00DF8E04 /* InfoPlist.strings */; };
		29D5514F2A40121E0021A617 /* AnalyticsService.swift in Sources */ = {isa = PBXBuildFile; fileRef = 29D5514E2A40121D0021A617 /* AnalyticsService.swift */; };
		4C781B0297D77926A2E60FE3 /* Pods_EmojiMixer.framework in Frameworks */ = {isa = PBXBuildFile; fileRef = B3A6A871E99A6511FCB909C6 /* Pods_EmojiMixer.framework */; };
		FE963ECEED55EB1709F0B03A /* Pods_EmojiMixerTests.framework in Frameworks */ = {isa = PBXBuildFile; fileRef = 2CC75BC6B08BB25E48D21AA0 /* Pods_EmojiMixerTests.framework */; };
/* End PBXBuildFile section */

/* Begin PBXContainerItemProxy section */
		29A472AD2A3EC6DE00455625 /* PBXContainerItemProxy */ = {
			isa = PBXContainerItemProxy;
			containerPortal = 297E480329FB6A78005C5985 /* Project object */;
			proxyType = 1;
			remoteGlobalIDString = 297E480A29FB6A78005C5985;
			remoteInfo = EmojiMixer;
		};
/* End PBXContainerItemProxy section */

/* Begin PBXFileReference section */
		0CB4D3E2AF1760AFCF7926A8 /* Pods-EmojiMixerTests.release.xcconfig */ = {isa = PBXFileReference; includeInIndex = 1; lastKnownFileType = text.xcconfig; name = "Pods-EmojiMixerTests.release.xcconfig"; path = "Target Support Files/Pods-EmojiMixerTests/Pods-EmojiMixerTests.release.xcconfig"; sourceTree = "<group>"; };
		291BC8D62A24327400B3D0E9 /* EmojiMixViewModel.swift */ = {isa = PBXFileReference; lastKnownFileType = sourcecode.swift; path = EmojiMixViewModel.swift; sourceTree = "<group>"; };
		291BC8D82A243E1000B3D0E9 /* EmojiMixesViewModel.swift */ = {isa = PBXFileReference; lastKnownFileType = sourcecode.swift; path = EmojiMixesViewModel.swift; sourceTree = "<group>"; };
		291BC8DB2A25A3D000B3D0E9 /* Observable.swift */ = {isa = PBXFileReference; lastKnownFileType = sourcecode.swift; path = Observable.swift; sourceTree = "<group>"; };
		297E480B29FB6A78005C5985 /* EmojiMixer.app */ = {isa = PBXFileReference; explicitFileType = wrapper.application; includeInIndex = 0; path = EmojiMixer.app; sourceTree = BUILT_PRODUCTS_DIR; };
		297E480E29FB6A78005C5985 /* AppDelegate.swift */ = {isa = PBXFileReference; lastKnownFileType = sourcecode.swift; path = AppDelegate.swift; sourceTree = "<group>"; };
		297E481029FB6A78005C5985 /* SceneDelegate.swift */ = {isa = PBXFileReference; lastKnownFileType = sourcecode.swift; path = SceneDelegate.swift; sourceTree = "<group>"; };
		297E481229FB6A78005C5985 /* EmojiMixesViewController.swift */ = {isa = PBXFileReference; lastKnownFileType = sourcecode.swift; path = EmojiMixesViewController.swift; sourceTree = "<group>"; };
		297E481729FB6A7A005C5985 /* Assets.xcassets */ = {isa = PBXFileReference; lastKnownFileType = folder.assetcatalog; path = Assets.xcassets; sourceTree = "<group>"; };
		297E481A29FB6A7A005C5985 /* Base */ = {isa = PBXFileReference; lastKnownFileType = file.storyboard; name = Base; path = Base.lproj/LaunchScreen.storyboard; sourceTree = "<group>"; };
		297E481C29FB6A7A005C5985 /* Info.plist */ = {isa = PBXFileReference; lastKnownFileType = text.plist.xml; path = Info.plist; sourceTree = "<group>"; };
		297E482229FB6D27005C5985 /* EmojiCollectionViewCell.swift */ = {isa = PBXFileReference; lastKnownFileType = sourcecode.swift; path = EmojiCollectionViewCell.swift; sourceTree = "<group>"; };
		29802BC32A172226001F3496 /* Model.xcdatamodel */ = {isa = PBXFileReference; lastKnownFileType = wrapper.xcdatamodel; path = Model.xcdatamodel; sourceTree = "<group>"; };
		2990B78D2A180E7000A443F2 /* EmojiMixFactory.swift */ = {isa = PBXFileReference; lastKnownFileType = sourcecode.swift; path = EmojiMixFactory.swift; sourceTree = "<group>"; };
		2990B78F2A180F8D00A443F2 /* EmojiMix.swift */ = {isa = PBXFileReference; lastKnownFileType = sourcecode.swift; path = EmojiMix.swift; sourceTree = "<group>"; };
		2990B7912A18184C00A443F2 /* EmojiMixStore.swift */ = {isa = PBXFileReference; lastKnownFileType = sourcecode.swift; path = EmojiMixStore.swift; sourceTree = "<group>"; };
		2990B7932A181CAF00A443F2 /* UIColorMarshalling.swift */ = {isa = PBXFileReference; lastKnownFileType = sourcecode.swift; path = UIColorMarshalling.swift; sourceTree = "<group>"; };
		2993459E2A3418EC0046A065 /* ar */ = {isa = PBXFileReference; lastKnownFileType = text.plist.strings; name = ar; path = ar.lproj/LaunchScreen.strings; sourceTree = "<group>"; };
		2993459F2A3418FA0046A065 /* ru */ = {isa = PBXFileReference; lastKnownFileType = text.plist.strings; name = ru; path = ru.lproj/LaunchScreen.strings; sourceTree = "<group>"; };
		299345A02A34190E0046A065 /* uk */ = {isa = PBXFileReference; lastKnownFileType = text.plist.strings; name = uk; path = uk.lproj/LaunchScreen.strings; sourceTree = "<group>"; };
		299345A12A34191A0046A065 /* de */ = {isa = PBXFileReference; lastKnownFileType = text.plist.strings; name = de; path = de.lproj/LaunchScreen.strings; sourceTree = "<group>"; };
		299345A22A3419220046A065 /* pl */ = {isa = PBXFileReference; lastKnownFileType = text.plist.strings; name = pl; path = pl.lproj/LaunchScreen.strings; sourceTree = "<group>"; };
		299345A42A3419700046A065 /* en */ = {isa = PBXFileReference; lastKnownFileType = text.plist.strings; name = en; path = en.lproj/Localizable.strings; sourceTree = "<group>"; };
		299345A62A3419720046A065 /* ar */ = {isa = PBXFileReference; lastKnownFileType = text.plist.strings; name = ar; path = ar.lproj/Localizable.strings; sourceTree = "<group>"; };
		299345A72A3419730046A065 /* de */ = {isa = PBXFileReference; lastKnownFileType = text.plist.strings; name = de; path = de.lproj/Localizable.strings; sourceTree = "<group>"; };
		299345A92A3419740046A065 /* ru */ = {isa = PBXFileReference; lastKnownFileType = text.plist.strings; name = ru; path = ru.lproj/Localizable.strings; sourceTree = "<group>"; };
		29A472A92A3EC6DD00455625 /* EmojiMixerTests.xctest */ = {isa = PBXFileReference; explicitFileType = wrapper.cfbundle; includeInIndex = 0; path = EmojiMixerTests.xctest; sourceTree = BUILT_PRODUCTS_DIR; };
		29A472AB2A3EC6DE00455625 /* EmojiMixerTests.swift */ = {isa = PBXFileReference; lastKnownFileType = sourcecode.swift; path = EmojiMixerTests.swift; sourceTree = "<group>"; };
		29A472B72A3EEB1000455625 /* Colors.swift */ = {isa = PBXFileReference; lastKnownFileType = sourcecode.swift; path = Colors.swift; sourceTree = "<group>"; };
		29D392342A37A81F00DF8E04 /* en */ = {isa = PBXFileReference; lastKnownFileType = text.plist.strings; name = en; path = en.lproj/InfoPlist.strings; sourceTree = "<group>"; };
		29D392362A37A82600DF8E04 /* ar */ = {isa = PBXFileReference; lastKnownFileType = text.plist.strings; name = ar; path = ar.lproj/InfoPlist.strings; sourceTree = "<group>"; };
		29D392372A37A84D00DF8E04 /* de */ = {isa = PBXFileReference; lastKnownFileType = text.plist.strings; name = de; path = de.lproj/InfoPlist.strings; sourceTree = "<group>"; };
		29D392392A37A85600DF8E04 /* ru */ = {isa = PBXFileReference; lastKnownFileType = text.plist.strings; name = ru; path = ru.lproj/InfoPlist.strings; sourceTree = "<group>"; };
		29D5514E2A40121D0021A617 /* AnalyticsService.swift */ = {isa = PBXFileReference; lastKnownFileType = sourcecode.swift; path = AnalyticsService.swift; sourceTree = "<group>"; };
		2CC75BC6B08BB25E48D21AA0 /* Pods_EmojiMixerTests.framework */ = {isa = PBXFileReference; explicitFileType = wrapper.framework; includeInIndex = 0; path = Pods_EmojiMixerTests.framework; sourceTree = BUILT_PRODUCTS_DIR; };
		3352578B3229DB84682AF2F7 /* Pods-EmojiMixer.release.xcconfig */ = {isa = PBXFileReference; includeInIndex = 1; lastKnownFileType = text.xcconfig; name = "Pods-EmojiMixer.release.xcconfig"; path = "Target Support Files/Pods-EmojiMixer/Pods-EmojiMixer.release.xcconfig"; sourceTree = "<group>"; };
		71378669E314719A2643BEC3 /* Pods-EmojiMixer.debug.xcconfig */ = {isa = PBXFileReference; includeInIndex = 1; lastKnownFileType = text.xcconfig; name = "Pods-EmojiMixer.debug.xcconfig"; path = "Target Support Files/Pods-EmojiMixer/Pods-EmojiMixer.debug.xcconfig"; sourceTree = "<group>"; };
		973D6A8AAE22AF2DFFE21F33 /* Pods-EmojiMixerTests.debug.xcconfig */ = {isa = PBXFileReference; includeInIndex = 1; lastKnownFileType = text.xcconfig; name = "Pods-EmojiMixerTests.debug.xcconfig"; path = "Target Support Files/Pods-EmojiMixerTests/Pods-EmojiMixerTests.debug.xcconfig"; sourceTree = "<group>"; };
		B3A6A871E99A6511FCB909C6 /* Pods_EmojiMixer.framework */ = {isa = PBXFileReference; explicitFileType = wrapper.framework; includeInIndex = 0; path = Pods_EmojiMixer.framework; sourceTree = BUILT_PRODUCTS_DIR; };
/* End PBXFileReference section */

/* Begin PBXFrameworksBuildPhase section */
		297E480829FB6A78005C5985 /* Frameworks */ = {
			isa = PBXFrameworksBuildPhase;
			buildActionMask = 2147483647;
			files = (
				4C781B0297D77926A2E60FE3 /* Pods_EmojiMixer.framework in Frameworks */,
			);
			runOnlyForDeploymentPostprocessing = 0;
		};
		29A472A62A3EC6DD00455625 /* Frameworks */ = {
			isa = PBXFrameworksBuildPhase;
			buildActionMask = 2147483647;
			files = (
				29A472B42A3EC73700455625 /* SnapshotTesting in Frameworks */,
				FE963ECEED55EB1709F0B03A /* Pods_EmojiMixerTests.framework in Frameworks */,
			);
			runOnlyForDeploymentPostprocessing = 0;
		};
/* End PBXFrameworksBuildPhase section */

/* Begin PBXGroup section */
		291BC8DA2A25491200B3D0E9 /* ViewModel */ = {
			isa = PBXGroup;
			children = (
				291BC8D82A243E1000B3D0E9 /* EmojiMixesViewModel.swift */,
				291BC8D62A24327400B3D0E9 /* EmojiMixViewModel.swift */,
				291BC8DB2A25A3D000B3D0E9 /* Observable.swift */,
			);
			path = ViewModel;
			sourceTree = "<group>";
		};
		297E480229FB6A78005C5985 = {
			isa = PBXGroup;
			children = (
				297E480D29FB6A78005C5985 /* EmojiMixer */,
				29A472AA2A3EC6DE00455625 /* EmojiMixerTests */,
				297E480C29FB6A78005C5985 /* Products */,
				849015EB8AA90EF6FAED2773 /* Pods */,
				47C071EB297472047140487B /* Frameworks */,
			);
			sourceTree = "<group>";
		};
		297E480C29FB6A78005C5985 /* Products */ = {
			isa = PBXGroup;
			children = (
				297E480B29FB6A78005C5985 /* EmojiMixer.app */,
				29A472A92A3EC6DD00455625 /* EmojiMixerTests.xctest */,
			);
			name = Products;
			sourceTree = "<group>";
		};
		297E480D29FB6A78005C5985 /* EmojiMixer */ = {
			isa = PBXGroup;
			children = (
				2993459B2A340D130046A065 /* Resource */,
				2990B79A2A187BDB00A443F2 /* View */,
				2990B79B2A187C1900A443F2 /* Model */,
				291BC8DA2A25491200B3D0E9 /* ViewModel */,
				2990B7992A187BD300A443F2 /* CoreData */,
				2990B79C2A187C3F00A443F2 /* Helpers */,
				297E480E29FB6A78005C5985 /* AppDelegate.swift */,
				297E481029FB6A78005C5985 /* SceneDelegate.swift */,
				297E481729FB6A7A005C5985 /* Assets.xcassets */,
				297E481929FB6A7A005C5985 /* LaunchScreen.storyboard */,
				297E481C29FB6A7A005C5985 /* Info.plist */,
			);
			path = EmojiMixer;
			sourceTree = "<group>";
		};
		2990B7992A187BD300A443F2 /* CoreData */ = {
			isa = PBXGroup;
			children = (
				29802BC22A172226001F3496 /* Model.xcdatamodeld */,
			);
			path = CoreData;
			sourceTree = "<group>";
		};
		2990B79A2A187BDB00A443F2 /* View */ = {
			isa = PBXGroup;
			children = (
				297E481229FB6A78005C5985 /* EmojiMixesViewController.swift */,
				297E482229FB6D27005C5985 /* EmojiCollectionViewCell.swift */,
			);
			path = View;
			sourceTree = "<group>";
		};
		2990B79B2A187C1900A443F2 /* Model */ = {
			isa = PBXGroup;
			children = (
				2990B78D2A180E7000A443F2 /* EmojiMixFactory.swift */,
				2990B7912A18184C00A443F2 /* EmojiMixStore.swift */,
				2990B78F2A180F8D00A443F2 /* EmojiMix.swift */,
				29D5514E2A40121D0021A617 /* AnalyticsService.swift */,
			);
			path = Model;
			sourceTree = "<group>";
		};
		2990B79C2A187C3F00A443F2 /* Helpers */ = {
			isa = PBXGroup;
			children = (
				2990B7932A181CAF00A443F2 /* UIColorMarshalling.swift */,
				29A472B72A3EEB1000455625 /* Colors.swift */,
			);
			path = Helpers;
			sourceTree = "<group>";
		};
		2993459B2A340D130046A065 /* Resource */ = {
			isa = PBXGroup;
			children = (
				299345A52A3419700046A065 /* Localizable.strings */,
				29D392352A37A81F00DF8E04 /* InfoPlist.strings */,
			);
			path = Resource;
			sourceTree = "<group>";
		};
		29A472AA2A3EC6DE00455625 /* EmojiMixerTests */ = {
			isa = PBXGroup;
			children = (
				29A472AB2A3EC6DE00455625 /* EmojiMixerTests.swift */,
			);
			path = EmojiMixerTests;
			sourceTree = "<group>";
		};
		47C071EB297472047140487B /* Frameworks */ = {
			isa = PBXGroup;
			children = (
				B3A6A871E99A6511FCB909C6 /* Pods_EmojiMixer.framework */,
				2CC75BC6B08BB25E48D21AA0 /* Pods_EmojiMixerTests.framework */,
			);
			name = Frameworks;
			sourceTree = "<group>";
		};
		849015EB8AA90EF6FAED2773 /* Pods */ = {
			isa = PBXGroup;
			children = (
				71378669E314719A2643BEC3 /* Pods-EmojiMixer.debug.xcconfig */,
				3352578B3229DB84682AF2F7 /* Pods-EmojiMixer.release.xcconfig */,
				973D6A8AAE22AF2DFFE21F33 /* Pods-EmojiMixerTests.debug.xcconfig */,
				0CB4D3E2AF1760AFCF7926A8 /* Pods-EmojiMixerTests.release.xcconfig */,
			);
			path = Pods;
			sourceTree = "<group>";
		};
/* End PBXGroup section */

/* Begin PBXNativeTarget section */
		297E480A29FB6A78005C5985 /* EmojiMixer */ = {
			isa = PBXNativeTarget;
			buildConfigurationList = 297E481F29FB6A7A005C5985 /* Build configuration list for PBXNativeTarget "EmojiMixer" */;
			buildPhases = (
				26980B0B3D63A4DE1DBF02B0 /* [CP] Check Pods Manifest.lock */,
				297E480729FB6A78005C5985 /* Sources */,
				297E480829FB6A78005C5985 /* Frameworks */,
				297E480929FB6A78005C5985 /* Resources */,
			);
			buildRules = (
			);
			dependencies = (
			);
			name = EmojiMixer;
			productName = EmojiMixer;
			productReference = 297E480B29FB6A78005C5985 /* EmojiMixer.app */;
			productType = "com.apple.product-type.application";
		};
		29A472A82A3EC6DD00455625 /* EmojiMixerTests */ = {
			isa = PBXNativeTarget;
			buildConfigurationList = 29A472B12A3EC6DE00455625 /* Build configuration list for PBXNativeTarget "EmojiMixerTests" */;
			buildPhases = (
				DDC39698259D422795EC2D29 /* [CP] Check Pods Manifest.lock */,
				29A472A52A3EC6DD00455625 /* Sources */,
				29A472A62A3EC6DD00455625 /* Frameworks */,
				29A472A72A3EC6DD00455625 /* Resources */,
				6688ED9F1A52CB4FA1BF7736 /* [CP] Embed Pods Frameworks */,
			);
			buildRules = (
			);
			dependencies = (
				29A472AE2A3EC6DE00455625 /* PBXTargetDependency */,
			);
			name = EmojiMixerTests;
			packageProductDependencies = (
				29A472B32A3EC73700455625 /* SnapshotTesting */,
			);
			productName = EmojiMixerTests;
			productReference = 29A472A92A3EC6DD00455625 /* EmojiMixerTests.xctest */;
			productType = "com.apple.product-type.bundle.unit-test";
		};
/* End PBXNativeTarget section */

/* Begin PBXProject section */
		297E480329FB6A78005C5985 /* Project object */ = {
			isa = PBXProject;
			attributes = {
				BuildIndependentTargetsInParallel = 1;
				LastSwiftUpdateCheck = 1430;
				LastUpgradeCheck = 1430;
				TargetAttributes = {
					297E480A29FB6A78005C5985 = {
						CreatedOnToolsVersion = 14.3;
					};
					29A472A82A3EC6DD00455625 = {
						CreatedOnToolsVersion = 14.3;
						TestTargetID = 297E480A29FB6A78005C5985;
					};
				};
			};
			buildConfigurationList = 297E480629FB6A78005C5985 /* Build configuration list for PBXProject "EmojiMixer" */;
			compatibilityVersion = "Xcode 14.0";
			developmentRegion = en;
			hasScannedForEncodings = 0;
			knownRegions = (
				en,
				Base,
				ar,
				ru,
				uk,
				de,
				pl,
			);
			mainGroup = 297E480229FB6A78005C5985;
			packageReferences = (
				29A472B22A3EC73700455625 /* XCRemoteSwiftPackageReference "swift-snapshot-testing" */,
			);
			productRefGroup = 297E480C29FB6A78005C5985 /* Products */;
			projectDirPath = "";
			projectRoot = "";
			targets = (
				297E480A29FB6A78005C5985 /* EmojiMixer */,
				29A472A82A3EC6DD00455625 /* EmojiMixerTests */,
			);
		};
/* End PBXProject section */

/* Begin PBXResourcesBuildPhase section */
		297E480929FB6A78005C5985 /* Resources */ = {
			isa = PBXResourcesBuildPhase;
			buildActionMask = 2147483647;
			files = (
				297E481B29FB6A7A005C5985 /* LaunchScreen.storyboard in Resources */,
				29D392332A37A81F00DF8E04 /* InfoPlist.strings in Resources */,
				299345A32A3419700046A065 /* Localizable.strings in Resources */,
				297E481829FB6A7A005C5985 /* Assets.xcassets in Resources */,
			);
			runOnlyForDeploymentPostprocessing = 0;
		};
		29A472A72A3EC6DD00455625 /* Resources */ = {
			isa = PBXResourcesBuildPhase;
			buildActionMask = 2147483647;
			files = (
			);
			runOnlyForDeploymentPostprocessing = 0;
		};
/* End PBXResourcesBuildPhase section */

/* Begin PBXShellScriptBuildPhase section */
		26980B0B3D63A4DE1DBF02B0 /* [CP] Check Pods Manifest.lock */ = {
			isa = PBXShellScriptBuildPhase;
			buildActionMask = 2147483647;
			files = (
			);
			inputFileListPaths = (
			);
			inputPaths = (
				"${PODS_PODFILE_DIR_PATH}/Podfile.lock",
				"${PODS_ROOT}/Manifest.lock",
			);
			name = "[CP] Check Pods Manifest.lock";
			outputFileListPaths = (
			);
			outputPaths = (
				"$(DERIVED_FILE_DIR)/Pods-EmojiMixer-checkManifestLockResult.txt",
			);
			runOnlyForDeploymentPostprocessing = 0;
			shellPath = /bin/sh;
			shellScript = "diff \"${PODS_PODFILE_DIR_PATH}/Podfile.lock\" \"${PODS_ROOT}/Manifest.lock\" > /dev/null\nif [ $? != 0 ] ; then\n    # print error to STDERR\n    echo \"error: The sandbox is not in sync with the Podfile.lock. Run 'pod install' or update your CocoaPods installation.\" >&2\n    exit 1\nfi\n# This output is used by Xcode 'outputs' to avoid re-running this script phase.\necho \"SUCCESS\" > \"${SCRIPT_OUTPUT_FILE_0}\"\n";
			showEnvVarsInLog = 0;
		};
		6688ED9F1A52CB4FA1BF7736 /* [CP] Embed Pods Frameworks */ = {
			isa = PBXShellScriptBuildPhase;
			buildActionMask = 2147483647;
			files = (
			);
			inputFileListPaths = (
				"${PODS_ROOT}/Target Support Files/Pods-EmojiMixerTests/Pods-EmojiMixerTests-frameworks-${CONFIGURATION}-input-files.xcfilelist",
			);
			name = "[CP] Embed Pods Frameworks";
			outputFileListPaths = (
				"${PODS_ROOT}/Target Support Files/Pods-EmojiMixerTests/Pods-EmojiMixerTests-frameworks-${CONFIGURATION}-output-files.xcfilelist",
			);
			runOnlyForDeploymentPostprocessing = 0;
			shellPath = /bin/sh;
			shellScript = "\"${PODS_ROOT}/Target Support Files/Pods-EmojiMixerTests/Pods-EmojiMixerTests-frameworks.sh\"\n";
			showEnvVarsInLog = 0;
		};
		DDC39698259D422795EC2D29 /* [CP] Check Pods Manifest.lock */ = {
			isa = PBXShellScriptBuildPhase;
			buildActionMask = 2147483647;
			files = (
			);
			inputFileListPaths = (
			);
			inputPaths = (
				"${PODS_PODFILE_DIR_PATH}/Podfile.lock",
				"${PODS_ROOT}/Manifest.lock",
			);
			name = "[CP] Check Pods Manifest.lock";
			outputFileListPaths = (
			);
			outputPaths = (
				"$(DERIVED_FILE_DIR)/Pods-EmojiMixerTests-checkManifestLockResult.txt",
			);
			runOnlyForDeploymentPostprocessing = 0;
			shellPath = /bin/sh;
			shellScript = "diff \"${PODS_PODFILE_DIR_PATH}/Podfile.lock\" \"${PODS_ROOT}/Manifest.lock\" > /dev/null\nif [ $? != 0 ] ; then\n    # print error to STDERR\n    echo \"error: The sandbox is not in sync with the Podfile.lock. Run 'pod install' or update your CocoaPods installation.\" >&2\n    exit 1\nfi\n# This output is used by Xcode 'outputs' to avoid re-running this script phase.\necho \"SUCCESS\" > \"${SCRIPT_OUTPUT_FILE_0}\"\n";
			showEnvVarsInLog = 0;
		};
/* End PBXShellScriptBuildPhase section */

/* Begin PBXSourcesBuildPhase section */
		297E480729FB6A78005C5985 /* Sources */ = {
			isa = PBXSourcesBuildPhase;
			buildActionMask = 2147483647;
			files = (
				297E481329FB6A78005C5985 /* EmojiMixesViewController.swift in Sources */,
				297E480F29FB6A78005C5985 /* AppDelegate.swift in Sources */,
				291BC8D92A243E1000B3D0E9 /* EmojiMixesViewModel.swift in Sources */,
				2990B78E2A180E7000A443F2 /* EmojiMixFactory.swift in Sources */,
				291BC8DC2A25A3D000B3D0E9 /* Observable.swift in Sources */,
				29802BC42A172226001F3496 /* Model.xcdatamodeld in Sources */,
				297E481129FB6A78005C5985 /* SceneDelegate.swift in Sources */,
				297E482329FB6D27005C5985 /* EmojiCollectionViewCell.swift in Sources */,
				29A472B82A3EEB1000455625 /* Colors.swift in Sources */,
				2990B7922A18184C00A443F2 /* EmojiMixStore.swift in Sources */,
				2990B7942A181CAF00A443F2 /* UIColorMarshalling.swift in Sources */,
				291BC8D72A24327400B3D0E9 /* EmojiMixViewModel.swift in Sources */,
				29D5514F2A40121E0021A617 /* AnalyticsService.swift in Sources */,
				2990B7902A180F8D00A443F2 /* EmojiMix.swift in Sources */,
			);
			runOnlyForDeploymentPostprocessing = 0;
		};
		29A472A52A3EC6DD00455625 /* Sources */ = {
			isa = PBXSourcesBuildPhase;
			buildActionMask = 2147483647;
			files = (
				29A472AC2A3EC6DE00455625 /* EmojiMixerTests.swift in Sources */,
			);
			runOnlyForDeploymentPostprocessing = 0;
		};
/* End PBXSourcesBuildPhase section */

/* Begin PBXTargetDependency section */
		29A472AE2A3EC6DE00455625 /* PBXTargetDependency */ = {
			isa = PBXTargetDependency;
			target = 297E480A29FB6A78005C5985 /* EmojiMixer */;
			targetProxy = 29A472AD2A3EC6DE00455625 /* PBXContainerItemProxy */;
		};
/* End PBXTargetDependency section */

/* Begin PBXVariantGroup section */
		297E481929FB6A7A005C5985 /* LaunchScreen.storyboard */ = {
			isa = PBXVariantGroup;
			children = (
				297E481A29FB6A7A005C5985 /* Base */,
				2993459E2A3418EC0046A065 /* ar */,
				2993459F2A3418FA0046A065 /* ru */,
				299345A02A34190E0046A065 /* uk */,
				299345A12A34191A0046A065 /* de */,
				299345A22A3419220046A065 /* pl */,
			);
			name = LaunchScreen.storyboard;
			sourceTree = "<group>";
		};
		299345A52A3419700046A065 /* Localizable.strings */ = {
			isa = PBXVariantGroup;
			children = (
				299345A42A3419700046A065 /* en */,
				299345A62A3419720046A065 /* ar */,
				299345A72A3419730046A065 /* de */,
				299345A92A3419740046A065 /* ru */,
			);
			name = Localizable.strings;
			sourceTree = "<group>";
		};
		29D392352A37A81F00DF8E04 /* InfoPlist.strings */ = {
			isa = PBXVariantGroup;
			children = (
				29D392342A37A81F00DF8E04 /* en */,
				29D392362A37A82600DF8E04 /* ar */,
				29D392372A37A84D00DF8E04 /* de */,
				29D392392A37A85600DF8E04 /* ru */,
			);
			name = InfoPlist.strings;
			sourceTree = "<group>";
		};
/* End PBXVariantGroup section */

/* Begin XCBuildConfiguration section */
		297E481D29FB6A7A005C5985 /* Debug */ = {
			isa = XCBuildConfiguration;
			buildSettings = {
				ALWAYS_SEARCH_USER_PATHS = NO;
				CLANG_ANALYZER_LOCALIZABILITY_NONLOCALIZED = YES;
				CLANG_ANALYZER_NONNULL = YES;
				CLANG_ANALYZER_NUMBER_OBJECT_CONVERSION = YES_AGGRESSIVE;
				CLANG_CXX_LANGUAGE_STANDARD = "gnu++20";
				CLANG_ENABLE_MODULES = YES;
				CLANG_ENABLE_OBJC_ARC = YES;
				CLANG_ENABLE_OBJC_WEAK = YES;
				CLANG_WARN_BLOCK_CAPTURE_AUTORELEASING = YES;
				CLANG_WARN_BOOL_CONVERSION = YES;
				CLANG_WARN_COMMA = YES;
				CLANG_WARN_CONSTANT_CONVERSION = YES;
				CLANG_WARN_DEPRECATED_OBJC_IMPLEMENTATIONS = YES;
				CLANG_WARN_DIRECT_OBJC_ISA_USAGE = YES_ERROR;
				CLANG_WARN_DOCUMENTATION_COMMENTS = YES;
				CLANG_WARN_EMPTY_BODY = YES;
				CLANG_WARN_ENUM_CONVERSION = YES;
				CLANG_WARN_INFINITE_RECURSION = YES;
				CLANG_WARN_INT_CONVERSION = YES;
				CLANG_WARN_NON_LITERAL_NULL_CONVERSION = YES;
				CLANG_WARN_OBJC_IMPLICIT_RETAIN_SELF = YES;
				CLANG_WARN_OBJC_LITERAL_CONVERSION = YES;
				CLANG_WARN_OBJC_ROOT_CLASS = YES_ERROR;
				CLANG_WARN_QUOTED_INCLUDE_IN_FRAMEWORK_HEADER = YES;
				CLANG_WARN_RANGE_LOOP_ANALYSIS = YES;
				CLANG_WARN_STRICT_PROTOTYPES = YES;
				CLANG_WARN_SUSPICIOUS_MOVE = YES;
				CLANG_WARN_UNGUARDED_AVAILABILITY = YES_AGGRESSIVE;
				CLANG_WARN_UNREACHABLE_CODE = YES;
				CLANG_WARN__DUPLICATE_METHOD_MATCH = YES;
				COPY_PHASE_STRIP = NO;
				DEBUG_INFORMATION_FORMAT = dwarf;
				ENABLE_STRICT_OBJC_MSGSEND = YES;
				ENABLE_TESTABILITY = YES;
				GCC_C_LANGUAGE_STANDARD = gnu11;
				GCC_DYNAMIC_NO_PIC = NO;
				GCC_NO_COMMON_BLOCKS = YES;
				GCC_OPTIMIZATION_LEVEL = 0;
				GCC_PREPROCESSOR_DEFINITIONS = (
					"DEBUG=1",
					"$(inherited)",
				);
				GCC_WARN_64_TO_32_BIT_CONVERSION = YES;
				GCC_WARN_ABOUT_RETURN_TYPE = YES_ERROR;
				GCC_WARN_UNDECLARED_SELECTOR = YES;
				GCC_WARN_UNINITIALIZED_AUTOS = YES_AGGRESSIVE;
				GCC_WARN_UNUSED_FUNCTION = YES;
				GCC_WARN_UNUSED_VARIABLE = YES;
				IPHONEOS_DEPLOYMENT_TARGET = 16.4;
				MTL_ENABLE_DEBUG_INFO = INCLUDE_SOURCE;
				MTL_FAST_MATH = YES;
				ONLY_ACTIVE_ARCH = YES;
				SDKROOT = iphoneos;
				SWIFT_ACTIVE_COMPILATION_CONDITIONS = DEBUG;
				SWIFT_OPTIMIZATION_LEVEL = "-Onone";
			};
			name = Debug;
		};
		297E481E29FB6A7A005C5985 /* Release */ = {
			isa = XCBuildConfiguration;
			buildSettings = {
				ALWAYS_SEARCH_USER_PATHS = NO;
				CLANG_ANALYZER_LOCALIZABILITY_NONLOCALIZED = YES;
				CLANG_ANALYZER_NONNULL = YES;
				CLANG_ANALYZER_NUMBER_OBJECT_CONVERSION = YES_AGGRESSIVE;
				CLANG_CXX_LANGUAGE_STANDARD = "gnu++20";
				CLANG_ENABLE_MODULES = YES;
				CLANG_ENABLE_OBJC_ARC = YES;
				CLANG_ENABLE_OBJC_WEAK = YES;
				CLANG_WARN_BLOCK_CAPTURE_AUTORELEASING = YES;
				CLANG_WARN_BOOL_CONVERSION = YES;
				CLANG_WARN_COMMA = YES;
				CLANG_WARN_CONSTANT_CONVERSION = YES;
				CLANG_WARN_DEPRECATED_OBJC_IMPLEMENTATIONS = YES;
				CLANG_WARN_DIRECT_OBJC_ISA_USAGE = YES_ERROR;
				CLANG_WARN_DOCUMENTATION_COMMENTS = YES;
				CLANG_WARN_EMPTY_BODY = YES;
				CLANG_WARN_ENUM_CONVERSION = YES;
				CLANG_WARN_INFINITE_RECURSION = YES;
				CLANG_WARN_INT_CONVERSION = YES;
				CLANG_WARN_NON_LITERAL_NULL_CONVERSION = YES;
				CLANG_WARN_OBJC_IMPLICIT_RETAIN_SELF = YES;
				CLANG_WARN_OBJC_LITERAL_CONVERSION = YES;
				CLANG_WARN_OBJC_ROOT_CLASS = YES_ERROR;
				CLANG_WARN_QUOTED_INCLUDE_IN_FRAMEWORK_HEADER = YES;
				CLANG_WARN_RANGE_LOOP_ANALYSIS = YES;
				CLANG_WARN_STRICT_PROTOTYPES = YES;
				CLANG_WARN_SUSPICIOUS_MOVE = YES;
				CLANG_WARN_UNGUARDED_AVAILABILITY = YES_AGGRESSIVE;
				CLANG_WARN_UNREACHABLE_CODE = YES;
				CLANG_WARN__DUPLICATE_METHOD_MATCH = YES;
				COPY_PHASE_STRIP = NO;
				DEBUG_INFORMATION_FORMAT = "dwarf-with-dsym";
				ENABLE_NS_ASSERTIONS = NO;
				ENABLE_STRICT_OBJC_MSGSEND = YES;
				GCC_C_LANGUAGE_STANDARD = gnu11;
				GCC_NO_COMMON_BLOCKS = YES;
				GCC_WARN_64_TO_32_BIT_CONVERSION = YES;
				GCC_WARN_ABOUT_RETURN_TYPE = YES_ERROR;
				GCC_WARN_UNDECLARED_SELECTOR = YES;
				GCC_WARN_UNINITIALIZED_AUTOS = YES_AGGRESSIVE;
				GCC_WARN_UNUSED_FUNCTION = YES;
				GCC_WARN_UNUSED_VARIABLE = YES;
				IPHONEOS_DEPLOYMENT_TARGET = 16.4;
				MTL_ENABLE_DEBUG_INFO = NO;
				MTL_FAST_MATH = YES;
				SDKROOT = iphoneos;
				SWIFT_COMPILATION_MODE = wholemodule;
				SWIFT_OPTIMIZATION_LEVEL = "-O";
				VALIDATE_PRODUCT = YES;
			};
			name = Release;
		};
		297E482029FB6A7A005C5985 /* Debug */ = {
			isa = XCBuildConfiguration;
			baseConfigurationReference = 71378669E314719A2643BEC3 /* Pods-EmojiMixer.debug.xcconfig */;
			buildSettings = {
				ASSETCATALOG_COMPILER_APPICON_NAME = AppIcon;
				ASSETCATALOG_COMPILER_GLOBAL_ACCENT_COLOR_NAME = AccentColor;
				CODE_SIGN_STYLE = Automatic;
				CURRENT_PROJECT_VERSION = 1;
				DEVELOPMENT_TEAM = A8593NVZ3H;
				GENERATE_INFOPLIST_FILE = YES;
				INFOPLIST_FILE = EmojiMixer/Info.plist;
				INFOPLIST_KEY_UIApplicationSupportsIndirectInputEvents = YES;
				INFOPLIST_KEY_UILaunchStoryboardName = LaunchScreen;
				INFOPLIST_KEY_UIMainStoryboardFile = "";
				INFOPLIST_KEY_UISupportedInterfaceOrientations_iPhone = "UIInterfaceOrientationPortrait UIInterfaceOrientationLandscapeLeft UIInterfaceOrientationLandscapeRight";
				LD_RUNPATH_SEARCH_PATHS = (
					"$(inherited)",
					"@executable_path/Frameworks",
				);
				MARKETING_VERSION = 1.0;
				PRODUCT_BUNDLE_IDENTIFIER = ru.yandex.practicum.EmojiMixer;
				PRODUCT_NAME = "$(TARGET_NAME)";
				SUPPORTED_PLATFORMS = "iphoneos iphonesimulator";
				SUPPORTS_MACCATALYST = NO;
				SUPPORTS_MAC_DESIGNED_FOR_IPHONE_IPAD = NO;
				SWIFT_EMIT_LOC_STRINGS = YES;
				SWIFT_VERSION = 5.0;
				TARGETED_DEVICE_FAMILY = 1;
			};
			name = Debug;
		};
		297E482129FB6A7A005C5985 /* Release */ = {
			isa = XCBuildConfiguration;
			baseConfigurationReference = 3352578B3229DB84682AF2F7 /* Pods-EmojiMixer.release.xcconfig */;
			buildSettings = {
				ASSETCATALOG_COMPILER_APPICON_NAME = AppIcon;
				ASSETCATALOG_COMPILER_GLOBAL_ACCENT_COLOR_NAME = AccentColor;
				CODE_SIGN_STYLE = Automatic;
				CURRENT_PROJECT_VERSION = 1;
				DEVELOPMENT_TEAM = A8593NVZ3H;
				GENERATE_INFOPLIST_FILE = YES;
				INFOPLIST_FILE = EmojiMixer/Info.plist;
				INFOPLIST_KEY_UIApplicationSupportsIndirectInputEvents = YES;
				INFOPLIST_KEY_UILaunchStoryboardName = LaunchScreen;
				INFOPLIST_KEY_UIMainStoryboardFile = "";
				INFOPLIST_KEY_UISupportedInterfaceOrientations_iPhone = "UIInterfaceOrientationPortrait UIInterfaceOrientationLandscapeLeft UIInterfaceOrientationLandscapeRight";
				LD_RUNPATH_SEARCH_PATHS = (
					"$(inherited)",
					"@executable_path/Frameworks",
				);
				MARKETING_VERSION = 1.0;
				PRODUCT_BUNDLE_IDENTIFIER = ru.yandex.practicum.EmojiMixer;
				PRODUCT_NAME = "$(TARGET_NAME)";
				SUPPORTED_PLATFORMS = "iphoneos iphonesimulator";
				SUPPORTS_MACCATALYST = NO;
				SUPPORTS_MAC_DESIGNED_FOR_IPHONE_IPAD = NO;
				SWIFT_EMIT_LOC_STRINGS = YES;
				SWIFT_VERSION = 5.0;
				TARGETED_DEVICE_FAMILY = 1;
			};
			name = Release;
		};
		29A472AF2A3EC6DE00455625 /* Debug */ = {
			isa = XCBuildConfiguration;
			baseConfigurationReference = 973D6A8AAE22AF2DFFE21F33 /* Pods-EmojiMixerTests.debug.xcconfig */;
			buildSettings = {
				BUNDLE_LOADER = "$(TEST_HOST)";
				CODE_SIGN_STYLE = Automatic;
				CURRENT_PROJECT_VERSION = 1;
				DEVELOPMENT_TEAM = A8593NVZ3H;
				GENERATE_INFOPLIST_FILE = YES;
				MARKETING_VERSION = 1.0;
				PRODUCT_BUNDLE_IDENTIFIER = ru.yandex.practicum.EmojiMixerTests;
				PRODUCT_NAME = "$(TARGET_NAME)";
				SWIFT_EMIT_LOC_STRINGS = NO;
				SWIFT_VERSION = 5.0;
				TARGETED_DEVICE_FAMILY = "1,2";
				TEST_HOST = "$(BUILT_PRODUCTS_DIR)/EmojiMixer.app/$(BUNDLE_EXECUTABLE_FOLDER_PATH)/EmojiMixer";
			};
			name = Debug;
		};
		29A472B02A3EC6DE00455625 /* Release */ = {
			isa = XCBuildConfiguration;
			baseConfigurationReference = 0CB4D3E2AF1760AFCF7926A8 /* Pods-EmojiMixerTests.release.xcconfig */;
			buildSettings = {
				BUNDLE_LOADER = "$(TEST_HOST)";
				CODE_SIGN_STYLE = Automatic;
				CURRENT_PROJECT_VERSION = 1;
				DEVELOPMENT_TEAM = A8593NVZ3H;
				GENERATE_INFOPLIST_FILE = YES;
				MARKETING_VERSION = 1.0;
				PRODUCT_BUNDLE_IDENTIFIER = ru.yandex.practicum.EmojiMixerTests;
				PRODUCT_NAME = "$(TARGET_NAME)";
				SWIFT_EMIT_LOC_STRINGS = NO;
				SWIFT_VERSION = 5.0;
				TARGETED_DEVICE_FAMILY = "1,2";
				TEST_HOST = "$(BUILT_PRODUCTS_DIR)/EmojiMixer.app/$(BUNDLE_EXECUTABLE_FOLDER_PATH)/EmojiMixer";
			};
			name = Release;
		};
/* End XCBuildConfiguration section */

/* Begin XCConfigurationList section */
		297E480629FB6A78005C5985 /* Build configuration list for PBXProject "EmojiMixer" */ = {
			isa = XCConfigurationList;
			buildConfigurations = (
				297E481D29FB6A7A005C5985 /* Debug */,
				297E481E29FB6A7A005C5985 /* Release */,
			);
			defaultConfigurationIsVisible = 0;
			defaultConfigurationName = Release;
		};
		297E481F29FB6A7A005C5985 /* Build configuration list for PBXNativeTarget "EmojiMixer" */ = {
			isa = XCConfigurationList;
			buildConfigurations = (
				297E482029FB6A7A005C5985 /* Debug */,
				297E482129FB6A7A005C5985 /* Release */,
			);
			defaultConfigurationIsVisible = 0;
			defaultConfigurationName = Release;
		};
		29A472B12A3EC6DE00455625 /* Build configuration list for PBXNativeTarget "EmojiMixerTests" */ = {
			isa = XCConfigurationList;
			buildConfigurations = (
				29A472AF2A3EC6DE00455625 /* Debug */,
				29A472B02A3EC6DE00455625 /* Release */,
			);
			defaultConfigurationIsVisible = 0;
			defaultConfigurationName = Release;
		};
/* End XCConfigurationList section */

/* Begin XCRemoteSwiftPackageReference section */
		29A472B22A3EC73700455625 /* XCRemoteSwiftPackageReference "swift-snapshot-testing" */ = {
			isa = XCRemoteSwiftPackageReference;
			repositoryURL = "https://github.com/pointfreeco/swift-snapshot-testing";
			requirement = {
				kind = upToNextMajorVersion;
				minimumVersion = 1.0.0;
			};
		};
/* End XCRemoteSwiftPackageReference section */

/* Begin XCSwiftPackageProductDependency section */
		29A472B32A3EC73700455625 /* SnapshotTesting */ = {
			isa = XCSwiftPackageProductDependency;
			package = 29A472B22A3EC73700455625 /* XCRemoteSwiftPackageReference "swift-snapshot-testing" */;
			productName = SnapshotTesting;
		};
/* End XCSwiftPackageProductDependency section */

/* Begin XCVersionGroup section */
		29802BC22A172226001F3496 /* Model.xcdatamodeld */ = {
			isa = XCVersionGroup;
			children = (
				29802BC32A172226001F3496 /* Model.xcdatamodel */,
			);
			currentVersion = 29802BC32A172226001F3496 /* Model.xcdatamodel */;
			path = Model.xcdatamodeld;
			sourceTree = "<group>";
			versionGroupType = wrapper.xcdatamodel;
		};
/* End XCVersionGroup section */
	};
	rootObject = 297E480329FB6A78005C5985 /* Project object */;
}
