// !$*UTF8*$!
{
	archiveVersion = 1;
	classes = {
	};
	objectVersion = 56;
	objects = {

/* Begin PBXBuildFile section */
		291BC8D72A24327400B3D0E9 /* EmojiMixViewModel.swift in Sources */ = {isa = PBXBuildFile; fileRef = 291BC8D62A24327400B3D0E9 /* EmojiMixViewModel.swift */; };
		291BC8D92A243E1000B3D0E9 /* EmojiMixesViewModel.swift in Sources */ = {isa = PBXBuildFile; fileRef = 291BC8D82A243E1000B3D0E9 /* EmojiMixesViewModel.swift */; };
		297E480F29FB6A78005C5985 /* AppDelegate.swift in Sources */ = {isa = PBXBuildFile; fileRef = 297E480E29FB6A78005C5985 /* AppDelegate.swift */; };
		297E481129FB6A78005C5985 /* SceneDelegate.swift in Sources */ = {isa = PBXBuildFile; fileRef = 297E481029FB6A78005C5985 /* SceneDelegate.swift */; };
		297E481329FB6A78005C5985 /* EmojiMixesViewController.swift in Sources */ = {isa = PBXBuildFile; fileRef = 297E481229FB6A78005C5985 /* EmojiMixesViewController.swift */; };
		297E481829FB6A7A005C5985 /* Assets.xcassets in Resources */ = {isa = PBXBuildFile; fileRef = 297E481729FB6A7A005C5985 /* Assets.xcassets */; };
		297E481B29FB6A7A005C5985 /* LaunchScreen.storyboard in Resources */ = {isa = PBXBuildFile; fileRef = 297E481929FB6A7A005C5985 /* LaunchScreen.storyboard */; };
		297E482329FB6D27005C5985 /* EmojiCollectionViewCell.swift in Sources */ = {isa = PBXBuildFile; fileRef = 297E482229FB6D27005C5985 /* EmojiCollectionViewCell.swift */; };
		29802BC42A172226001F3496 /* Model.xcdatamodeld in Sources */ = {isa = PBXBuildFile; fileRef = 29802BC22A172226001F3496 /* Model.xcdatamodeld */; };
		2990B78E2A180E7000A443F2 /* EmojiMixFactory.swift in Sources */ = {isa = PBXBuildFile; fileRef = 2990B78D2A180E7000A443F2 /* EmojiMixFactory.swift */; };
		2990B7902A180F8D00A443F2 /* EmojiMix.swift in Sources */ = {isa = PBXBuildFile; fileRef = 2990B78F2A180F8D00A443F2 /* EmojiMix.swift */; };
		2990B7922A18184C00A443F2 /* EmojiMixStore.swift in Sources */ = {isa = PBXBuildFile; fileRef = 2990B7912A18184C00A443F2 /* EmojiMixStore.swift */; };
		2990B7942A181CAF00A443F2 /* UIColorMarshalling.swift in Sources */ = {isa = PBXBuildFile; fileRef = 2990B7932A181CAF00A443F2 /* UIColorMarshalling.swift */; };
/* End PBXBuildFile section */

/* Begin PBXFileReference section */
		291BC8D62A24327400B3D0E9 /* EmojiMixViewModel.swift */ = {isa = PBXFileReference; lastKnownFileType = sourcecode.swift; path = EmojiMixViewModel.swift; sourceTree = "<group>"; };
		291BC8D82A243E1000B3D0E9 /* EmojiMixesViewModel.swift */ = {isa = PBXFileReference; lastKnownFileType = sourcecode.swift; path = EmojiMixesViewModel.swift; sourceTree = "<group>"; };
		297E480B29FB6A78005C5985 /* EmojiMixer.app */ = {isa = PBXFileReference; explicitFileType = wrapper.application; includeInIndex = 0; path = EmojiMixer.app; sourceTree = BUILT_PRODUCTS_DIR; };
		297E480E29FB6A78005C5985 /* AppDelegate.swift */ = {isa = PBXFileReference; lastKnownFileType = sourcecode.swift; path = AppDelegate.swift; sourceTree = "<group>"; };
		297E481029FB6A78005C5985 /* SceneDelegate.swift */ = {isa = PBXFileReference; lastKnownFileType = sourcecode.swift; path = SceneDelegate.swift; sourceTree = "<group>"; };
		297E481229FB6A78005C5985 /* EmojiMixesViewController.swift */ = {isa = PBXFileReference; lastKnownFileType = sourcecode.swift; path = EmojiMixesViewController.swift; sourceTree = "<group>"; };
		297E481729FB6A7A005C5985 /* Assets.xcassets */ = {isa = PBXFileReference; lastKnownFileType = folder.assetcatalog; path = Assets.xcassets; sourceTree = "<group>"; };
		297E481A29FB6A7A005C5985 /* Base */ = {isa = PBXFileReference; lastKnownFileType = file.storyboard; name = Base; path = Base.lproj/LaunchScreen.storyboard; sourceTree = "<group>"; };
		297E481C29FB6A7A005C5985 /* Info.plist */ = {isa = PBXFileReference; lastKnownFileType = text.plist.xml; path = Info.plist; sourceTree = "<group>"; };
		297E482229FB6D27005C5985 /* EmojiCollectionViewCell.swift */ = {isa = PBXFileReference; lastKnownFileType = sourcecode.swift; path = EmojiCollectionViewCell.swift; sourceTree = "<group>"; };
		29802BC32A172226001F3496 /* Model.xcdatamodel */ = {isa = PBXFileReference; lastKnownFileType = wrapper.xcdatamodel; path = Model.xcdatamodel; sourceTree = "<group>"; };
		2990B78D2A180E7000A443F2 /* EmojiMixFactory.swift */ = {isa = PBXFileReference; lastKnownFileType = sourcecode.swift; path = EmojiMixFactory.swift; sourceTree = "<group>"; };
		2990B78F2A180F8D00A443F2 /* EmojiMix.swift */ = {isa = PBXFileReference; lastKnownFileType = sourcecode.swift; path = EmojiMix.swift; sourceTree = "<group>"; };
		2990B7912A18184C00A443F2 /* EmojiMixStore.swift */ = {isa = PBXFileReference; lastKnownFileType = sourcecode.swift; path = EmojiMixStore.swift; sourceTree = "<group>"; };
		2990B7932A181CAF00A443F2 /* UIColorMarshalling.swift */ = {isa = PBXFileReference; lastKnownFileType = sourcecode.swift; path = UIColorMarshalling.swift; sourceTree = "<group>"; };
/* End PBXFileReference section */

/* Begin PBXFrameworksBuildPhase section */
		297E480829FB6A78005C5985 /* Frameworks */ = {
			isa = PBXFrameworksBuildPhase;
			buildActionMask = 2147483647;
			files = (
			);
			runOnlyForDeploymentPostprocessing = 0;
		};
/* End PBXFrameworksBuildPhase section */

/* Begin PBXGroup section */
		297E480229FB6A78005C5985 = {
			isa = PBXGroup;
			children = (
				297E480D29FB6A78005C5985 /* EmojiMixer */,
				297E480C29FB6A78005C5985 /* Products */,
			);
			sourceTree = "<group>";
		};
		297E480C29FB6A78005C5985 /* Products */ = {
			isa = PBXGroup;
			children = (
				297E480B29FB6A78005C5985 /* EmojiMixer.app */,
			);
			name = Products;
			sourceTree = "<group>";
		};
		297E480D29FB6A78005C5985 /* EmojiMixer */ = {
			isa = PBXGroup;
			children = (
				2990B79A2A187BDB00A443F2 /* UI */,
				2990B79B2A187C1900A443F2 /* Domain */,
				2990B7992A187BD300A443F2 /* CoreData */,
				2990B79C2A187C3F00A443F2 /* Helpers */,
				297E480E29FB6A78005C5985 /* AppDelegate.swift */,
				297E481029FB6A78005C5985 /* SceneDelegate.swift */,
				297E481729FB6A7A005C5985 /* Assets.xcassets */,
				297E481929FB6A7A005C5985 /* LaunchScreen.storyboard */,
				297E481C29FB6A7A005C5985 /* Info.plist */,
			);
			path = EmojiMixer;
			sourceTree = "<group>";
		};
		2990B7992A187BD300A443F2 /* CoreData */ = {
			isa = PBXGroup;
			children = (
				29802BC22A172226001F3496 /* Model.xcdatamodeld */,
			);
			path = CoreData;
			sourceTree = "<group>";
		};
		2990B79A2A187BDB00A443F2 /* UI */ = {
			isa = PBXGroup;
			children = (
				297E481229FB6A78005C5985 /* EmojiMixesViewController.swift */,
				297E482229FB6D27005C5985 /* EmojiCollectionViewCell.swift */,
				291BC8D62A24327400B3D0E9 /* EmojiMixViewModel.swift */,
				291BC8D82A243E1000B3D0E9 /* EmojiMixesViewModel.swift */,
			);
			path = UI;
			sourceTree = "<group>";
		};
		2990B79B2A187C1900A443F2 /* Domain */ = {
			isa = PBXGroup;
			children = (
				2990B78D2A180E7000A443F2 /* EmojiMixFactory.swift */,
				2990B7912A18184C00A443F2 /* EmojiMixStore.swift */,
				2990B78F2A180F8D00A443F2 /* EmojiMix.swift */,
			);
			path = Domain;
			sourceTree = "<group>";
		};
		2990B79C2A187C3F00A443F2 /* Helpers */ = {
			isa = PBXGroup;
			children = (
				2990B7932A181CAF00A443F2 /* UIColorMarshalling.swift */,
			);
			path = Helpers;
			sourceTree = "<group>";
		};
/* End PBXGroup section */

/* Begin PBXNativeTarget section */
		297E480A29FB6A78005C5985 /* EmojiMixer */ = {
			isa = PBXNativeTarget;
			buildConfigurationList = 297E481F29FB6A7A005C5985 /* Build configuration list for PBXNativeTarget "EmojiMixer" */;
			buildPhases = (
				297E480729FB6A78005C5985 /* Sources */,
				297E480829FB6A78005C5985 /* Frameworks */,
				297E480929FB6A78005C5985 /* Resources */,
			);
			buildRules = (
			);
			dependencies = (
			);
			name = EmojiMixer;
			productName = EmojiMixer;
			productReference = 297E480B29FB6A78005C5985 /* EmojiMixer.app */;
			productType = "com.apple.product-type.application";
		};
/* End PBXNativeTarget section */

/* Begin PBXProject section */
		297E480329FB6A78005C5985 /* Project object */ = {
			isa = PBXProject;
			attributes = {
				BuildIndependentTargetsInParallel = 1;
				LastSwiftUpdateCheck = 1430;
				LastUpgradeCheck = 1430;
				TargetAttributes = {
					297E480A29FB6A78005C5985 = {
						CreatedOnToolsVersion = 14.3;
					};
				};
			};
			buildConfigurationList = 297E480629FB6A78005C5985 /* Build configuration list for PBXProject "EmojiMixer" */;
			compatibilityVersion = "Xcode 14.0";
			developmentRegion = en;
			hasScannedForEncodings = 0;
			knownRegions = (
				en,
				Base,
			);
			mainGroup = 297E480229FB6A78005C5985;
			productRefGroup = 297E480C29FB6A78005C5985 /* Products */;
			projectDirPath = "";
			projectRoot = "";
			targets = (
				297E480A29FB6A78005C5985 /* EmojiMixer */,
			);
		};
/* End PBXProject section */

/* Begin PBXResourcesBuildPhase section */
		297E480929FB6A78005C5985 /* Resources */ = {
			isa = PBXResourcesBuildPhase;
			buildActionMask = 2147483647;
			files = (
				297E481B29FB6A7A005C5985 /* LaunchScreen.storyboard in Resources */,
				297E481829FB6A7A005C5985 /* Assets.xcassets in Resources */,
			);
			runOnlyForDeploymentPostprocessing = 0;
		};
/* End PBXResourcesBuildPhase section */

/* Begin PBXSourcesBuildPhase section */
		297E480729FB6A78005C5985 /* Sources */ = {
			isa = PBXSourcesBuildPhase;
			buildActionMask = 2147483647;
			files = (
				297E481329FB6A78005C5985 /* EmojiMixesViewController.swift in Sources */,
				297E480F29FB6A78005C5985 /* AppDelegate.swift in Sources */,
				291BC8D92A243E1000B3D0E9 /* EmojiMixesViewModel.swift in Sources */,
				2990B78E2A180E7000A443F2 /* EmojiMixFactory.swift in Sources */,
				29802BC42A172226001F3496 /* Model.xcdatamodeld in Sources */,
				297E481129FB6A78005C5985 /* SceneDelegate.swift in Sources */,
				297E482329FB6D27005C5985 /* EmojiCollectionViewCell.swift in Sources */,
				2990B7922A18184C00A443F2 /* EmojiMixStore.swift in Sources */,
				2990B7942A181CAF00A443F2 /* UIColorMarshalling.swift in Sources */,
				291BC8D72A24327400B3D0E9 /* EmojiMixViewModel.swift in Sources */,
				2990B7902A180F8D00A443F2 /* EmojiMix.swift in Sources */,
			);
			runOnlyForDeploymentPostprocessing = 0;
		};
/* End PBXSourcesBuildPhase section */

/* Begin PBXVariantGroup section */
		297E481929FB6A7A005C5985 /* LaunchScreen.storyboard */ = {
			isa = PBXVariantGroup;
			children = (
				297E481A29FB6A7A005C5985 /* Base */,
			);
			name = LaunchScreen.storyboard;
			sourceTree = "<group>";
		};
/* End PBXVariantGroup section */

/* Begin XCBuildConfiguration section */
		297E481D29FB6A7A005C5985 /* Debug */ = {
			isa = XCBuildConfiguration;
			buildSettings = {
				ALWAYS_SEARCH_USER_PATHS = NO;
				CLANG_ANALYZER_NONNULL = YES;
				CLANG_ANALYZER_NUMBER_OBJECT_CONVERSION = YES_AGGRESSIVE;
				CLANG_CXX_LANGUAGE_STANDARD = "gnu++20";
				CLANG_ENABLE_MODULES = YES;
				CLANG_ENABLE_OBJC_ARC = YES;
				CLANG_ENABLE_OBJC_WEAK = YES;
				CLANG_WARN_BLOCK_CAPTURE_AUTORELEASING = YES;
				CLANG_WARN_BOOL_CONVERSION = YES;
				CLANG_WARN_COMMA = YES;
				CLANG_WARN_CONSTANT_CONVERSION = YES;
				CLANG_WARN_DEPRECATED_OBJC_IMPLEMENTATIONS = YES;
				CLANG_WARN_DIRECT_OBJC_ISA_USAGE = YES_ERROR;
				CLANG_WARN_DOCUMENTATION_COMMENTS = YES;
				CLANG_WARN_EMPTY_BODY = YES;
				CLANG_WARN_ENUM_CONVERSION = YES;
				CLANG_WARN_INFINITE_RECURSION = YES;
				CLANG_WARN_INT_CONVERSION = YES;
				CLANG_WARN_NON_LITERAL_NULL_CONVERSION = YES;
				CLANG_WARN_OBJC_IMPLICIT_RETAIN_SELF = YES;
				CLANG_WARN_OBJC_LITERAL_CONVERSION = YES;
				CLANG_WARN_OBJC_ROOT_CLASS = YES_ERROR;
				CLANG_WARN_QUOTED_INCLUDE_IN_FRAMEWORK_HEADER = YES;
				CLANG_WARN_RANGE_LOOP_ANALYSIS = YES;
				CLANG_WARN_STRICT_PROTOTYPES = YES;
				CLANG_WARN_SUSPICIOUS_MOVE = YES;
				CLANG_WARN_UNGUARDED_AVAILABILITY = YES_AGGRESSIVE;
				CLANG_WARN_UNREACHABLE_CODE = YES;
				CLANG_WARN__DUPLICATE_METHOD_MATCH = YES;
				COPY_PHASE_STRIP = NO;
				DEBUG_INFORMATION_FORMAT = dwarf;
				ENABLE_STRICT_OBJC_MSGSEND = YES;
				ENABLE_TESTABILITY = YES;
				GCC_C_LANGUAGE_STANDARD = gnu11;
				GCC_DYNAMIC_NO_PIC = NO;
				GCC_NO_COMMON_BLOCKS = YES;
				GCC_OPTIMIZATION_LEVEL = 0;
				GCC_PREPROCESSOR_DEFINITIONS = (
					"DEBUG=1",
					"$(inherited)",
				);
				GCC_WARN_64_TO_32_BIT_CONVERSION = YES;
				GCC_WARN_ABOUT_RETURN_TYPE = YES_ERROR;
				GCC_WARN_UNDECLARED_SELECTOR = YES;
				GCC_WARN_UNINITIALIZED_AUTOS = YES_AGGRESSIVE;
				GCC_WARN_UNUSED_FUNCTION = YES;
				GCC_WARN_UNUSED_VARIABLE = YES;
				IPHONEOS_DEPLOYMENT_TARGET = 16.4;
				MTL_ENABLE_DEBUG_INFO = INCLUDE_SOURCE;
				MTL_FAST_MATH = YES;
				ONLY_ACTIVE_ARCH = YES;
				SDKROOT = iphoneos;
				SWIFT_ACTIVE_COMPILATION_CONDITIONS = DEBUG;
				SWIFT_OPTIMIZATION_LEVEL = "-Onone";
			};
			name = Debug;
		};
		297E481E29FB6A7A005C5985 /* Release */ = {
			isa = XCBuildConfiguration;
			buildSettings = {
				ALWAYS_SEARCH_USER_PATHS = NO;
				CLANG_ANALYZER_NONNULL = YES;
				CLANG_ANALYZER_NUMBER_OBJECT_CONVERSION = YES_AGGRESSIVE;
				CLANG_CXX_LANGUAGE_STANDARD = "gnu++20";
				CLANG_ENABLE_MODULES = YES;
				CLANG_ENABLE_OBJC_ARC = YES;
				CLANG_ENABLE_OBJC_WEAK = YES;
				CLANG_WARN_BLOCK_CAPTURE_AUTORELEASING = YES;
				CLANG_WARN_BOOL_CONVERSION = YES;
				CLANG_WARN_COMMA = YES;
				CLANG_WARN_CONSTANT_CONVERSION = YES;
				CLANG_WARN_DEPRECATED_OBJC_IMPLEMENTATIONS = YES;
				CLANG_WARN_DIRECT_OBJC_ISA_USAGE = YES_ERROR;
				CLANG_WARN_DOCUMENTATION_COMMENTS = YES;
				CLANG_WARN_EMPTY_BODY = YES;
				CLANG_WARN_ENUM_CONVERSION = YES;
				CLANG_WARN_INFINITE_RECURSION = YES;
				CLANG_WARN_INT_CONVERSION = YES;
				CLANG_WARN_NON_LITERAL_NULL_CONVERSION = YES;
				CLANG_WARN_OBJC_IMPLICIT_RETAIN_SELF = YES;
				CLANG_WARN_OBJC_LITERAL_CONVERSION = YES;
				CLANG_WARN_OBJC_ROOT_CLASS = YES_ERROR;
				CLANG_WARN_QUOTED_INCLUDE_IN_FRAMEWORK_HEADER = YES;
				CLANG_WARN_RANGE_LOOP_ANALYSIS = YES;
				CLANG_WARN_STRICT_PROTOTYPES = YES;
				CLANG_WARN_SUSPICIOUS_MOVE = YES;
				CLANG_WARN_UNGUARDED_AVAILABILITY = YES_AGGRESSIVE;
				CLANG_WARN_UNREACHABLE_CODE = YES;
				CLANG_WARN__DUPLICATE_METHOD_MATCH = YES;
				COPY_PHASE_STRIP = NO;
				DEBUG_INFORMATION_FORMAT = "dwarf-with-dsym";
				ENABLE_NS_ASSERTIONS = NO;
				ENABLE_STRICT_OBJC_MSGSEND = YES;
				GCC_C_LANGUAGE_STANDARD = gnu11;
				GCC_NO_COMMON_BLOCKS = YES;
				GCC_WARN_64_TO_32_BIT_CONVERSION = YES;
				GCC_WARN_ABOUT_RETURN_TYPE = YES_ERROR;
				GCC_WARN_UNDECLARED_SELECTOR = YES;
				GCC_WARN_UNINITIALIZED_AUTOS = YES_AGGRESSIVE;
				GCC_WARN_UNUSED_FUNCTION = YES;
				GCC_WARN_UNUSED_VARIABLE = YES;
				IPHONEOS_DEPLOYMENT_TARGET = 16.4;
				MTL_ENABLE_DEBUG_INFO = NO;
				MTL_FAST_MATH = YES;
				SDKROOT = iphoneos;
				SWIFT_COMPILATION_MODE = wholemodule;
				SWIFT_OPTIMIZATION_LEVEL = "-O";
				VALIDATE_PRODUCT = YES;
			};
			name = Release;
		};
		297E482029FB6A7A005C5985 /* Debug */ = {
			isa = XCBuildConfiguration;
			buildSettings = {
				ASSETCATALOG_COMPILER_APPICON_NAME = AppIcon;
				ASSETCATALOG_COMPILER_GLOBAL_ACCENT_COLOR_NAME = AccentColor;
				CODE_SIGN_STYLE = Automatic;
				CURRENT_PROJECT_VERSION = 1;
				DEVELOPMENT_TEAM = A8593NVZ3H;
				GENERATE_INFOPLIST_FILE = YES;
				INFOPLIST_FILE = EmojiMixer/Info.plist;
				INFOPLIST_KEY_UIApplicationSupportsIndirectInputEvents = YES;
				INFOPLIST_KEY_UILaunchStoryboardName = LaunchScreen;
				INFOPLIST_KEY_UIMainStoryboardFile = "";
				INFOPLIST_KEY_UISupportedInterfaceOrientations_iPhone = "UIInterfaceOrientationPortrait UIInterfaceOrientationLandscapeLeft UIInterfaceOrientationLandscapeRight";
				LD_RUNPATH_SEARCH_PATHS = (
					"$(inherited)",
					"@executable_path/Frameworks",
				);
				MARKETING_VERSION = 1.0;
				PRODUCT_BUNDLE_IDENTIFIER = ru.yandex.practicum.EmojiMixer;
				PRODUCT_NAME = "$(TARGET_NAME)";
				SUPPORTED_PLATFORMS = "iphoneos iphonesimulator";
				SUPPORTS_MACCATALYST = NO;
				SUPPORTS_MAC_DESIGNED_FOR_IPHONE_IPAD = NO;
				SWIFT_EMIT_LOC_STRINGS = YES;
				SWIFT_VERSION = 5.0;
				TARGETED_DEVICE_FAMILY = 1;
			};
			name = Debug;
		};
		297E482129FB6A7A005C5985 /* Release */ = {
			isa = XCBuildConfiguration;
			buildSettings = {
				ASSETCATALOG_COMPILER_APPICON_NAME = AppIcon;
				ASSETCATALOG_COMPILER_GLOBAL_ACCENT_COLOR_NAME = AccentColor;
				CODE_SIGN_STYLE = Automatic;
				CURRENT_PROJECT_VERSION = 1;
				DEVELOPMENT_TEAM = A8593NVZ3H;
				GENERATE_INFOPLIST_FILE = YES;
				INFOPLIST_FILE = EmojiMixer/Info.plist;
				INFOPLIST_KEY_UIApplicationSupportsIndirectInputEvents = YES;
				INFOPLIST_KEY_UILaunchStoryboardName = LaunchScreen;
				INFOPLIST_KEY_UIMainStoryboardFile = "";
				INFOPLIST_KEY_UISupportedInterfaceOrientations_iPhone = "UIInterfaceOrientationPortrait UIInterfaceOrientationLandscapeLeft UIInterfaceOrientationLandscapeRight";
				LD_RUNPATH_SEARCH_PATHS = (
					"$(inherited)",
					"@executable_path/Frameworks",
				);
				MARKETING_VERSION = 1.0;
				PRODUCT_BUNDLE_IDENTIFIER = ru.yandex.practicum.EmojiMixer;
				PRODUCT_NAME = "$(TARGET_NAME)";
				SUPPORTED_PLATFORMS = "iphoneos iphonesimulator";
				SUPPORTS_MACCATALYST = NO;
				SUPPORTS_MAC_DESIGNED_FOR_IPHONE_IPAD = NO;
				SWIFT_EMIT_LOC_STRINGS = YES;
				SWIFT_VERSION = 5.0;
				TARGETED_DEVICE_FAMILY = 1;
			};
			name = Release;
		};
/* End XCBuildConfiguration section */

/* Begin XCConfigurationList section */
		297E480629FB6A78005C5985 /* Build configuration list for PBXProject "EmojiMixer" */ = {
			isa = XCConfigurationList;
			buildConfigurations = (
				297E481D29FB6A7A005C5985 /* Debug */,
				297E481E29FB6A7A005C5985 /* Release */,
			);
			defaultConfigurationIsVisible = 0;
			defaultConfigurationName = Release;
		};
		297E481F29FB6A7A005C5985 /* Build configuration list for PBXNativeTarget "EmojiMixer" */ = {
			isa = XCConfigurationList;
			buildConfigurations = (
				297E482029FB6A7A005C5985 /* Debug */,
				297E482129FB6A7A005C5985 /* Release */,
			);
			defaultConfigurationIsVisible = 0;
			defaultConfigurationName = Release;
		};
/* End XCConfigurationList section */

/* Begin XCVersionGroup section */
		29802BC22A172226001F3496 /* Model.xcdatamodeld */ = {
			isa = XCVersionGroup;
			children = (
				29802BC32A172226001F3496 /* Model.xcdatamodel */,
			);
			currentVersion = 29802BC32A172226001F3496 /* Model.xcdatamodel */;
			path = Model.xcdatamodeld;
			sourceTree = "<group>";
			versionGroupType = wrapper.xcdatamodel;
		};
/* End XCVersionGroup section */
	};
	rootObject = 297E480329FB6A78005C5985 /* Project object */;
}
